// !$*UTF8*$!
{
	archiveVersion = 1;
	classes = {
	};
	objectVersion = 55;
	objects = {

/* Begin PBXBuildFile section */
		E0980FFF28B0DA3C00A3F143 /* AppDelegate.swift in Sources */ = {isa = PBXBuildFile; fileRef = E0980FFE28B0DA3C00A3F143 /* AppDelegate.swift */; };
		E098100128B0DA3C00A3F143 /* SceneDelegate.swift in Sources */ = {isa = PBXBuildFile; fileRef = E098100028B0DA3C00A3F143 /* SceneDelegate.swift */; };
		E098100328B0DA3C00A3F143 /* ViewController.swift in Sources */ = {isa = PBXBuildFile; fileRef = E098100228B0DA3C00A3F143 /* ViewController.swift */; };
		E098100628B0DA3C00A3F143 /* Main.storyboard in Resources */ = {isa = PBXBuildFile; fileRef = E098100428B0DA3C00A3F143 /* Main.storyboard */; };
		E098100828B0DA3E00A3F143 /* Assets.xcassets in Resources */ = {isa = PBXBuildFile; fileRef = E098100728B0DA3E00A3F143 /* Assets.xcassets */; };
		E098100B28B0DA3E00A3F143 /* LaunchScreen.storyboard in Resources */ = {isa = PBXBuildFile; fileRef = E098100928B0DA3E00A3F143 /* LaunchScreen.storyboard */; };
		E098101628B0DA3F00A3F143 /* FavouriteViewControllerTests.swift in Sources */ = {isa = PBXBuildFile; fileRef = E098101528B0DA3F00A3F143 /* FavouriteViewControllerTests.swift */; };
		E098102F28B0DD1A00A3F143 /* MovieSeachRouter.swift in Sources */ = {isa = PBXBuildFile; fileRef = E098102E28B0DD1A00A3F143 /* MovieSeachRouter.swift */; };
		E098103228B0DD9500A3F143 /* MovieSearchPresenter.swift in Sources */ = {isa = PBXBuildFile; fileRef = E098103128B0DD9500A3F143 /* MovieSearchPresenter.swift */; };
		E098103428B0DE0400A3F143 /* MovieSearchInteractor.swift in Sources */ = {isa = PBXBuildFile; fileRef = E098103328B0DE0400A3F143 /* MovieSearchInteractor.swift */; };
		E098103628B0DE1000A3F143 /* MovieSearchViewController.swift in Sources */ = {isa = PBXBuildFile; fileRef = E098103528B0DE1000A3F143 /* MovieSearchViewController.swift */; };
		E098103828B0DEEF00A3F143 /* Movie.swift in Sources */ = {isa = PBXBuildFile; fileRef = E098103728B0DEEF00A3F143 /* Movie.swift */; };
		E098103A28B0E05D00A3F143 /* MovieCollectionViewCell.swift in Sources */ = {isa = PBXBuildFile; fileRef = E098103928B0E05D00A3F143 /* MovieCollectionViewCell.swift */; };
		E098103C28B0F7C500A3F143 /* MovieSearchBuilder.swift in Sources */ = {isa = PBXBuildFile; fileRef = E098103B28B0F7C500A3F143 /* MovieSearchBuilder.swift */; };
		E098103E28B1014300A3F143 /* CacheImageView.swift in Sources */ = {isa = PBXBuildFile; fileRef = E098103D28B1014300A3F143 /* CacheImageView.swift */; };
		E098104028B1038500A3F143 /* UIImageView+Extension.swift in Sources */ = {isa = PBXBuildFile; fileRef = E098103F28B1038500A3F143 /* UIImageView+Extension.swift */; };
		E098104528B10D2000A3F143 /* DetailTableViewCell.swift in Sources */ = {isa = PBXBuildFile; fileRef = E098104428B10D2000A3F143 /* DetailTableViewCell.swift */; };
		E098104728B10D9600A3F143 /* DetailViewController.swift in Sources */ = {isa = PBXBuildFile; fileRef = E098104628B10D9600A3F143 /* DetailViewController.swift */; };
		E098104928B10DD700A3F143 /* MovieDetail.swift in Sources */ = {isa = PBXBuildFile; fileRef = E098104828B10DD700A3F143 /* MovieDetail.swift */; };
		E098104B28B10FB700A3F143 /* SearchMovieProtocols.swift in Sources */ = {isa = PBXBuildFile; fileRef = E098104A28B10FB700A3F143 /* SearchMovieProtocols.swift */; };
		E098104D28B110A800A3F143 /* DetailRouter.swift in Sources */ = {isa = PBXBuildFile; fileRef = E098104C28B110A800A3F143 /* DetailRouter.swift */; };
		E098104F28B11CB700A3F143 /* DetailBuilder.swift in Sources */ = {isa = PBXBuildFile; fileRef = E098104E28B11CB700A3F143 /* DetailBuilder.swift */; };
		E098105128B11CFF00A3F143 /* DetailInteractor.swift in Sources */ = {isa = PBXBuildFile; fileRef = E098105028B11CFF00A3F143 /* DetailInteractor.swift */; };
		E098105328B1234200A3F143 /* DetailPresenter.swift in Sources */ = {isa = PBXBuildFile; fileRef = E098105228B1234200A3F143 /* DetailPresenter.swift */; };
		E098105528B145E400A3F143 /* Storage.swift in Sources */ = {isa = PBXBuildFile; fileRef = E098105428B145E400A3F143 /* Storage.swift */; };
		E098105728B146C700A3F143 /* CodableStorage.swift in Sources */ = {isa = PBXBuildFile; fileRef = E098105628B146C700A3F143 /* CodableStorage.swift */; };
		E098105A28B149EA00A3F143 /* FavouriteTableViewController.swift in Sources */ = {isa = PBXBuildFile; fileRef = E098105928B149EA00A3F143 /* FavouriteTableViewController.swift */; };
		E098105C28B1F3E600A3F143 /* FavouriteMovieTableViewCell.swift in Sources */ = {isa = PBXBuildFile; fileRef = E098105B28B1F3E600A3F143 /* FavouriteMovieTableViewCell.swift */; };
		E098105E28B1F65200A3F143 /* OfflineFavouriteRepository.swift in Sources */ = {isa = PBXBuildFile; fileRef = E098105D28B1F65200A3F143 /* OfflineFavouriteRepository.swift */; };
/* End PBXBuildFile section */

/* Begin PBXContainerItemProxy section */
		E098101228B0DA3F00A3F143 /* PBXContainerItemProxy */ = {
			isa = PBXContainerItemProxy;
			containerPortal = E0980FF328B0DA3C00A3F143 /* Project object */;
			proxyType = 1;
			remoteGlobalIDString = E0980FFA28B0DA3C00A3F143;
			remoteInfo = MovieSeachVIPER;
		};
/* End PBXContainerItemProxy section */

/* Begin PBXFileReference section */
		E0980FFB28B0DA3C00A3F143 /* MovieSeachVIPER.app */ = {isa = PBXFileReference; explicitFileType = wrapper.application; includeInIndex = 0; path = MovieSeachVIPER.app; sourceTree = BUILT_PRODUCTS_DIR; };
		E0980FFE28B0DA3C00A3F143 /* AppDelegate.swift */ = {isa = PBXFileReference; lastKnownFileType = sourcecode.swift; path = AppDelegate.swift; sourceTree = "<group>"; };
		E098100028B0DA3C00A3F143 /* SceneDelegate.swift */ = {isa = PBXFileReference; lastKnownFileType = sourcecode.swift; path = SceneDelegate.swift; sourceTree = "<group>"; };
		E098100228B0DA3C00A3F143 /* ViewController.swift */ = {isa = PBXFileReference; lastKnownFileType = sourcecode.swift; path = ViewController.swift; sourceTree = "<group>"; };
		E098100528B0DA3C00A3F143 /* Base */ = {isa = PBXFileReference; lastKnownFileType = file.storyboard; name = Base; path = Base.lproj/Main.storyboard; sourceTree = "<group>"; };
		E098100728B0DA3E00A3F143 /* Assets.xcassets */ = {isa = PBXFileReference; lastKnownFileType = folder.assetcatalog; path = Assets.xcassets; sourceTree = "<group>"; };
		E098100A28B0DA3E00A3F143 /* Base */ = {isa = PBXFileReference; lastKnownFileType = file.storyboard; name = Base; path = Base.lproj/LaunchScreen.storyboard; sourceTree = "<group>"; };
		E098100C28B0DA3E00A3F143 /* Info.plist */ = {isa = PBXFileReference; lastKnownFileType = text.plist.xml; path = Info.plist; sourceTree = "<group>"; };
		E098101128B0DA3F00A3F143 /* MovieSeachVIPERTests.xctest */ = {isa = PBXFileReference; explicitFileType = wrapper.cfbundle; includeInIndex = 0; path = MovieSeachVIPERTests.xctest; sourceTree = BUILT_PRODUCTS_DIR; };
		E098101528B0DA3F00A3F143 /* FavouriteViewControllerTests.swift */ = {isa = PBXFileReference; lastKnownFileType = sourcecode.swift; path = FavouriteViewControllerTests.swift; sourceTree = "<group>"; };
		E098102E28B0DD1A00A3F143 /* MovieSeachRouter.swift */ = {isa = PBXFileReference; lastKnownFileType = sourcecode.swift; path = MovieSeachRouter.swift; sourceTree = "<group>"; };
		E098103128B0DD9500A3F143 /* MovieSearchPresenter.swift */ = {isa = PBXFileReference; lastKnownFileType = sourcecode.swift; path = MovieSearchPresenter.swift; sourceTree = "<group>"; };
		E098103328B0DE0400A3F143 /* MovieSearchInteractor.swift */ = {isa = PBXFileReference; lastKnownFileType = sourcecode.swift; path = MovieSearchInteractor.swift; sourceTree = "<group>"; };
		E098103528B0DE1000A3F143 /* MovieSearchViewController.swift */ = {isa = PBXFileReference; lastKnownFileType = sourcecode.swift; path = MovieSearchViewController.swift; sourceTree = "<group>"; };
		E098103728B0DEEF00A3F143 /* Movie.swift */ = {isa = PBXFileReference; lastKnownFileType = sourcecode.swift; path = Movie.swift; sourceTree = "<group>"; };
		E098103928B0E05D00A3F143 /* MovieCollectionViewCell.swift */ = {isa = PBXFileReference; lastKnownFileType = sourcecode.swift; path = MovieCollectionViewCell.swift; sourceTree = "<group>"; };
		E098103B28B0F7C500A3F143 /* MovieSearchBuilder.swift */ = {isa = PBXFileReference; lastKnownFileType = sourcecode.swift; path = MovieSearchBuilder.swift; sourceTree = "<group>"; };
		E098103D28B1014300A3F143 /* CacheImageView.swift */ = {isa = PBXFileReference; lastKnownFileType = sourcecode.swift; path = CacheImageView.swift; sourceTree = "<group>"; };
		E098103F28B1038500A3F143 /* UIImageView+Extension.swift */ = {isa = PBXFileReference; lastKnownFileType = sourcecode.swift; path = "UIImageView+Extension.swift"; sourceTree = "<group>"; };
		E098104428B10D2000A3F143 /* DetailTableViewCell.swift */ = {isa = PBXFileReference; lastKnownFileType = sourcecode.swift; path = DetailTableViewCell.swift; sourceTree = "<group>"; };
		E098104628B10D9600A3F143 /* DetailViewController.swift */ = {isa = PBXFileReference; lastKnownFileType = sourcecode.swift; path = DetailViewController.swift; sourceTree = "<group>"; };
		E098104828B10DD700A3F143 /* MovieDetail.swift */ = {isa = PBXFileReference; lastKnownFileType = sourcecode.swift; path = MovieDetail.swift; sourceTree = "<group>"; };
		E098104A28B10FB700A3F143 /* SearchMovieProtocols.swift */ = {isa = PBXFileReference; lastKnownFileType = sourcecode.swift; path = SearchMovieProtocols.swift; sourceTree = "<group>"; };
		E098104C28B110A800A3F143 /* DetailRouter.swift */ = {isa = PBXFileReference; lastKnownFileType = sourcecode.swift; path = DetailRouter.swift; sourceTree = "<group>"; };
		E098104E28B11CB700A3F143 /* DetailBuilder.swift */ = {isa = PBXFileReference; lastKnownFileType = sourcecode.swift; path = DetailBuilder.swift; sourceTree = "<group>"; };
		E098105028B11CFF00A3F143 /* DetailInteractor.swift */ = {isa = PBXFileReference; lastKnownFileType = sourcecode.swift; path = DetailInteractor.swift; sourceTree = "<group>"; };
		E098105228B1234200A3F143 /* DetailPresenter.swift */ = {isa = PBXFileReference; lastKnownFileType = sourcecode.swift; path = DetailPresenter.swift; sourceTree = "<group>"; };
		E098105428B145E400A3F143 /* Storage.swift */ = {isa = PBXFileReference; lastKnownFileType = sourcecode.swift; path = Storage.swift; sourceTree = "<group>"; };
		E098105628B146C700A3F143 /* CodableStorage.swift */ = {isa = PBXFileReference; lastKnownFileType = sourcecode.swift; path = CodableStorage.swift; sourceTree = "<group>"; };
		E098105928B149EA00A3F143 /* FavouriteTableViewController.swift */ = {isa = PBXFileReference; lastKnownFileType = sourcecode.swift; path = FavouriteTableViewController.swift; sourceTree = "<group>"; };
		E098105B28B1F3E600A3F143 /* FavouriteMovieTableViewCell.swift */ = {isa = PBXFileReference; lastKnownFileType = sourcecode.swift; path = FavouriteMovieTableViewCell.swift; sourceTree = "<group>"; };
		E098105D28B1F65200A3F143 /* OfflineFavouriteRepository.swift */ = {isa = PBXFileReference; lastKnownFileType = sourcecode.swift; path = OfflineFavouriteRepository.swift; sourceTree = "<group>"; };
/* End PBXFileReference section */

/* Begin PBXFrameworksBuildPhase section */
		E0980FF828B0DA3C00A3F143 /* Frameworks */ = {
			isa = PBXFrameworksBuildPhase;
			buildActionMask = 2147483647;
			files = (
			);
			runOnlyForDeploymentPostprocessing = 0;
		};
		E098100E28B0DA3F00A3F143 /* Frameworks */ = {
			isa = PBXFrameworksBuildPhase;
			buildActionMask = 2147483647;
			files = (
			);
			runOnlyForDeploymentPostprocessing = 0;
		};
/* End PBXFrameworksBuildPhase section */

/* Begin PBXGroup section */
		E0980FF228B0DA3C00A3F143 = {
			isa = PBXGroup;
			children = (
				E0980FFD28B0DA3C00A3F143 /* MovieSeachVIPER */,
				E098101428B0DA3F00A3F143 /* MovieSeachVIPERTests */,
				E0980FFC28B0DA3C00A3F143 /* Products */,
			);
			sourceTree = "<group>";
		};
		E0980FFC28B0DA3C00A3F143 /* Products */ = {
			isa = PBXGroup;
			children = (
				E0980FFB28B0DA3C00A3F143 /* MovieSeachVIPER.app */,
				E098101128B0DA3F00A3F143 /* MovieSeachVIPERTests.xctest */,
			);
			name = Products;
			sourceTree = "<group>";
		};
		E0980FFD28B0DA3C00A3F143 /* MovieSeachVIPER */ = {
			isa = PBXGroup;
			children = (
				E098103028B0DD7F00A3F143 /* SearchMovie */,
				E098104128B10CEC00A3F143 /* Detail */,
				E098105828B149C700A3F143 /* Favourite */,
				E098105428B145E400A3F143 /* Storage.swift */,
				E098105628B146C700A3F143 /* CodableStorage.swift */,
				E0980FFE28B0DA3C00A3F143 /* AppDelegate.swift */,
				E098100028B0DA3C00A3F143 /* SceneDelegate.swift */,
				E098100228B0DA3C00A3F143 /* ViewController.swift */,
				E098100428B0DA3C00A3F143 /* Main.storyboard */,
				E098100728B0DA3E00A3F143 /* Assets.xcassets */,
				E098100928B0DA3E00A3F143 /* LaunchScreen.storyboard */,
				E098100C28B0DA3E00A3F143 /* Info.plist */,
				E098103F28B1038500A3F143 /* UIImageView+Extension.swift */,
			);
			path = MovieSeachVIPER;
			sourceTree = "<group>";
		};
		E098101428B0DA3F00A3F143 /* MovieSeachVIPERTests */ = {
			isa = PBXGroup;
			children = (
				E098101528B0DA3F00A3F143 /* FavouriteViewControllerTests.swift */,
			);
			path = MovieSeachVIPERTests;
			sourceTree = "<group>";
		};
		E098103028B0DD7F00A3F143 /* SearchMovie */ = {
			isa = PBXGroup;
			children = (
				E098102E28B0DD1A00A3F143 /* MovieSeachRouter.swift */,
				E098103128B0DD9500A3F143 /* MovieSearchPresenter.swift */,
				E098103328B0DE0400A3F143 /* MovieSearchInteractor.swift */,
				E098103528B0DE1000A3F143 /* MovieSearchViewController.swift */,
				E098103728B0DEEF00A3F143 /* Movie.swift */,
				E098103928B0E05D00A3F143 /* MovieCollectionViewCell.swift */,
				E098103B28B0F7C500A3F143 /* MovieSearchBuilder.swift */,
				E098103D28B1014300A3F143 /* CacheImageView.swift */,
				E098104A28B10FB700A3F143 /* SearchMovieProtocols.swift */,
			);
			path = SearchMovie;
			sourceTree = "<group>";
		};
		E098104128B10CEC00A3F143 /* Detail */ = {
			isa = PBXGroup;
			children = (
				E098104428B10D2000A3F143 /* DetailTableViewCell.swift */,
				E098104628B10D9600A3F143 /* DetailViewController.swift */,
				E098104828B10DD700A3F143 /* MovieDetail.swift */,
				E098104C28B110A800A3F143 /* DetailRouter.swift */,
				E098104E28B11CB700A3F143 /* DetailBuilder.swift */,
				E098105028B11CFF00A3F143 /* DetailInteractor.swift */,
				E098105228B1234200A3F143 /* DetailPresenter.swift */,
			);
			path = Detail;
			sourceTree = "<group>";
		};
		E098105828B149C700A3F143 /* Favourite */ = {
			isa = PBXGroup;
			children = (
				E098105928B149EA00A3F143 /* FavouriteTableViewController.swift */,
				E098105B28B1F3E600A3F143 /* FavouriteMovieTableViewCell.swift */,
				E098105D28B1F65200A3F143 /* OfflineFavouriteRepository.swift */,
			);
			path = Favourite;
			sourceTree = "<group>";
		};
/* End PBXGroup section */

/* Begin PBXNativeTarget section */
		E0980FFA28B0DA3C00A3F143 /* MovieSeachVIPER */ = {
			isa = PBXNativeTarget;
			buildConfigurationList = E098102528B0DA3F00A3F143 /* Build configuration list for PBXNativeTarget "MovieSeachVIPER" */;
			buildPhases = (
				E0980FF728B0DA3C00A3F143 /* Sources */,
				E0980FF828B0DA3C00A3F143 /* Frameworks */,
				E0980FF928B0DA3C00A3F143 /* Resources */,
			);
			buildRules = (
			);
			dependencies = (
			);
			name = MovieSeachVIPER;
			productName = MovieSeachVIPER;
			productReference = E0980FFB28B0DA3C00A3F143 /* MovieSeachVIPER.app */;
			productType = "com.apple.product-type.application";
		};
		E098101028B0DA3F00A3F143 /* MovieSeachVIPERTests */ = {
			isa = PBXNativeTarget;
			buildConfigurationList = E098102828B0DA3F00A3F143 /* Build configuration list for PBXNativeTarget "MovieSeachVIPERTests" */;
			buildPhases = (
				E098100D28B0DA3F00A3F143 /* Sources */,
				E098100E28B0DA3F00A3F143 /* Frameworks */,
				E098100F28B0DA3F00A3F143 /* Resources */,
			);
			buildRules = (
			);
			dependencies = (
				E098101328B0DA3F00A3F143 /* PBXTargetDependency */,
			);
			name = MovieSeachVIPERTests;
			productName = MovieSeachVIPERTests;
			productReference = E098101128B0DA3F00A3F143 /* MovieSeachVIPERTests.xctest */;
			productType = "com.apple.product-type.bundle.unit-test";
		};
/* End PBXNativeTarget section */

/* Begin PBXProject section */
		E0980FF328B0DA3C00A3F143 /* Project object */ = {
			isa = PBXProject;
			attributes = {
				BuildIndependentTargetsInParallel = 1;
				LastSwiftUpdateCheck = 1330;
				LastUpgradeCheck = 1330;
				TargetAttributes = {
					E0980FFA28B0DA3C00A3F143 = {
						CreatedOnToolsVersion = 13.3.1;
					};
					E098101028B0DA3F00A3F143 = {
						CreatedOnToolsVersion = 13.3.1;
						TestTargetID = E0980FFA28B0DA3C00A3F143;
					};
				};
			};
			buildConfigurationList = E0980FF628B0DA3C00A3F143 /* Build configuration list for PBXProject "MovieSeachVIPER" */;
			compatibilityVersion = "Xcode 13.0";
			developmentRegion = en;
			hasScannedForEncodings = 0;
			knownRegions = (
				en,
				Base,
			);
			mainGroup = E0980FF228B0DA3C00A3F143;
			productRefGroup = E0980FFC28B0DA3C00A3F143 /* Products */;
			projectDirPath = "";
			projectRoot = "";
			targets = (
				E0980FFA28B0DA3C00A3F143 /* MovieSeachVIPER */,
				E098101028B0DA3F00A3F143 /* MovieSeachVIPERTests */,
			);
		};
/* End PBXProject section */

/* Begin PBXResourcesBuildPhase section */
		E0980FF928B0DA3C00A3F143 /* Resources */ = {
			isa = PBXResourcesBuildPhase;
			buildActionMask = 2147483647;
			files = (
				E098100B28B0DA3E00A3F143 /* LaunchScreen.storyboard in Resources */,
				E098100828B0DA3E00A3F143 /* Assets.xcassets in Resources */,
				E098100628B0DA3C00A3F143 /* Main.storyboard in Resources */,
			);
			runOnlyForDeploymentPostprocessing = 0;
		};
		E098100F28B0DA3F00A3F143 /* Resources */ = {
			isa = PBXResourcesBuildPhase;
			buildActionMask = 2147483647;
			files = (
			);
			runOnlyForDeploymentPostprocessing = 0;
		};
/* End PBXResourcesBuildPhase section */

/* Begin PBXSourcesBuildPhase section */
		E0980FF728B0DA3C00A3F143 /* Sources */ = {
			isa = PBXSourcesBuildPhase;
			buildActionMask = 2147483647;
			files = (
				E098104B28B10FB700A3F143 /* SearchMovieProtocols.swift in Sources */,
				E098103228B0DD9500A3F143 /* MovieSearchPresenter.swift in Sources */,
				E098105728B146C700A3F143 /* CodableStorage.swift in Sources */,
				E098100328B0DA3C00A3F143 /* ViewController.swift in Sources */,
				E098105328B1234200A3F143 /* DetailPresenter.swift in Sources */,
				E098103C28B0F7C500A3F143 /* MovieSearchBuilder.swift in Sources */,
				E098104528B10D2000A3F143 /* DetailTableViewCell.swift in Sources */,
				E0980FFF28B0DA3C00A3F143 /* AppDelegate.swift in Sources */,
				E098103428B0DE0400A3F143 /* MovieSearchInteractor.swift in Sources */,
				E098105528B145E400A3F143 /* Storage.swift in Sources */,
				E098105128B11CFF00A3F143 /* DetailInteractor.swift in Sources */,
				E098102F28B0DD1A00A3F143 /* MovieSeachRouter.swift in Sources */,
				E098104028B1038500A3F143 /* UIImageView+Extension.swift in Sources */,
				E098103628B0DE1000A3F143 /* MovieSearchViewController.swift in Sources */,
				E098103A28B0E05D00A3F143 /* MovieCollectionViewCell.swift in Sources */,
				E098103828B0DEEF00A3F143 /* Movie.swift in Sources */,
				E098100128B0DA3C00A3F143 /* SceneDelegate.swift in Sources */,
				E098105A28B149EA00A3F143 /* FavouriteTableViewController.swift in Sources */,
				E098104928B10DD700A3F143 /* MovieDetail.swift in Sources */,
				E098104F28B11CB700A3F143 /* DetailBuilder.swift in Sources */,
				E098105C28B1F3E600A3F143 /* FavouriteMovieTableViewCell.swift in Sources */,
				E098104D28B110A800A3F143 /* DetailRouter.swift in Sources */,
				E098105E28B1F65200A3F143 /* OfflineFavouriteRepository.swift in Sources */,
				E098103E28B1014300A3F143 /* CacheImageView.swift in Sources */,
				E098104728B10D9600A3F143 /* DetailViewController.swift in Sources */,
			);
			runOnlyForDeploymentPostprocessing = 0;
		};
		E098100D28B0DA3F00A3F143 /* Sources */ = {
			isa = PBXSourcesBuildPhase;
			buildActionMask = 2147483647;
			files = (
				E098101628B0DA3F00A3F143 /* FavouriteViewControllerTests.swift in Sources */,
			);
			runOnlyForDeploymentPostprocessing = 0;
		};
/* End PBXSourcesBuildPhase section */

/* Begin PBXTargetDependency section */
		E098101328B0DA3F00A3F143 /* PBXTargetDependency */ = {
			isa = PBXTargetDependency;
			target = E0980FFA28B0DA3C00A3F143 /* MovieSeachVIPER */;
			targetProxy = E098101228B0DA3F00A3F143 /* PBXContainerItemProxy */;
		};
/* End PBXTargetDependency section */

/* Begin PBXVariantGroup section */
		E098100428B0DA3C00A3F143 /* Main.storyboard */ = {
			isa = PBXVariantGroup;
			children = (
				E098100528B0DA3C00A3F143 /* Base */,
			);
			name = Main.storyboard;
			sourceTree = "<group>";
		};
		E098100928B0DA3E00A3F143 /* LaunchScreen.storyboard */ = {
			isa = PBXVariantGroup;
			children = (
				E098100A28B0DA3E00A3F143 /* Base */,
			);
			name = LaunchScreen.storyboard;
			sourceTree = "<group>";
		};
/* End PBXVariantGroup section */

/* Begin XCBuildConfiguration section */
		E098102328B0DA3F00A3F143 /* Debug */ = {
			isa = XCBuildConfiguration;
			buildSettings = {
				ALWAYS_SEARCH_USER_PATHS = NO;
				CLANG_ANALYZER_NONNULL = YES;
				CLANG_ANALYZER_NUMBER_OBJECT_CONVERSION = YES_AGGRESSIVE;
				CLANG_CXX_LANGUAGE_STANDARD = "gnu++17";
				CLANG_ENABLE_MODULES = YES;
				CLANG_ENABLE_OBJC_ARC = YES;
				CLANG_ENABLE_OBJC_WEAK = YES;
				CLANG_WARN_BLOCK_CAPTURE_AUTORELEASING = YES;
				CLANG_WARN_BOOL_CONVERSION = YES;
				CLANG_WARN_COMMA = YES;
				CLANG_WARN_CONSTANT_CONVERSION = YES;
				CLANG_WARN_DEPRECATED_OBJC_IMPLEMENTATIONS = YES;
				CLANG_WARN_DIRECT_OBJC_ISA_USAGE = YES_ERROR;
				CLANG_WARN_DOCUMENTATION_COMMENTS = YES;
				CLANG_WARN_EMPTY_BODY = YES;
				CLANG_WARN_ENUM_CONVERSION = YES;
				CLANG_WARN_INFINITE_RECURSION = YES;
				CLANG_WARN_INT_CONVERSION = YES;
				CLANG_WARN_NON_LITERAL_NULL_CONVERSION = YES;
				CLANG_WARN_OBJC_IMPLICIT_RETAIN_SELF = YES;
				CLANG_WARN_OBJC_LITERAL_CONVERSION = YES;
				CLANG_WARN_OBJC_ROOT_CLASS = YES_ERROR;
				CLANG_WARN_QUOTED_INCLUDE_IN_FRAMEWORK_HEADER = YES;
				CLANG_WARN_RANGE_LOOP_ANALYSIS = YES;
				CLANG_WARN_STRICT_PROTOTYPES = YES;
				CLANG_WARN_SUSPICIOUS_MOVE = YES;
				CLANG_WARN_UNGUARDED_AVAILABILITY = YES_AGGRESSIVE;
				CLANG_WARN_UNREACHABLE_CODE = YES;
				CLANG_WARN__DUPLICATE_METHOD_MATCH = YES;
				COPY_PHASE_STRIP = NO;
				DEBUG_INFORMATION_FORMAT = dwarf;
				ENABLE_STRICT_OBJC_MSGSEND = YES;
				ENABLE_TESTABILITY = YES;
				GCC_C_LANGUAGE_STANDARD = gnu11;
				GCC_DYNAMIC_NO_PIC = NO;
				GCC_NO_COMMON_BLOCKS = YES;
				GCC_OPTIMIZATION_LEVEL = 0;
				GCC_PREPROCESSOR_DEFINITIONS = (
					"DEBUG=1",
					"$(inherited)",
				);
				GCC_WARN_64_TO_32_BIT_CONVERSION = YES;
				GCC_WARN_ABOUT_RETURN_TYPE = YES_ERROR;
				GCC_WARN_UNDECLARED_SELECTOR = YES;
				GCC_WARN_UNINITIALIZED_AUTOS = YES_AGGRESSIVE;
				GCC_WARN_UNUSED_FUNCTION = YES;
				GCC_WARN_UNUSED_VARIABLE = YES;
				IPHONEOS_DEPLOYMENT_TARGET = 15.4;
				MTL_ENABLE_DEBUG_INFO = INCLUDE_SOURCE;
				MTL_FAST_MATH = YES;
				ONLY_ACTIVE_ARCH = YES;
				SDKROOT = iphoneos;
				SWIFT_ACTIVE_COMPILATION_CONDITIONS = DEBUG;
				SWIFT_OPTIMIZATION_LEVEL = "-Onone";
			};
			name = Debug;
		};
		E098102428B0DA3F00A3F143 /* Release */ = {
			isa = XCBuildConfiguration;
			buildSettings = {
				ALWAYS_SEARCH_USER_PATHS = NO;
				CLANG_ANALYZER_NONNULL = YES;
				CLANG_ANALYZER_NUMBER_OBJECT_CONVERSION = YES_AGGRESSIVE;
				CLANG_CXX_LANGUAGE_STANDARD = "gnu++17";
				CLANG_ENABLE_MODULES = YES;
				CLANG_ENABLE_OBJC_ARC = YES;
				CLANG_ENABLE_OBJC_WEAK = YES;
				CLANG_WARN_BLOCK_CAPTURE_AUTORELEASING = YES;
				CLANG_WARN_BOOL_CONVERSION = YES;
				CLANG_WARN_COMMA = YES;
				CLANG_WARN_CONSTANT_CONVERSION = YES;
				CLANG_WARN_DEPRECATED_OBJC_IMPLEMENTATIONS = YES;
				CLANG_WARN_DIRECT_OBJC_ISA_USAGE = YES_ERROR;
				CLANG_WARN_DOCUMENTATION_COMMENTS = YES;
				CLANG_WARN_EMPTY_BODY = YES;
				CLANG_WARN_ENUM_CONVERSION = YES;
				CLANG_WARN_INFINITE_RECURSION = YES;
				CLANG_WARN_INT_CONVERSION = YES;
				CLANG_WARN_NON_LITERAL_NULL_CONVERSION = YES;
				CLANG_WARN_OBJC_IMPLICIT_RETAIN_SELF = YES;
				CLANG_WARN_OBJC_LITERAL_CONVERSION = YES;
				CLANG_WARN_OBJC_ROOT_CLASS = YES_ERROR;
				CLANG_WARN_QUOTED_INCLUDE_IN_FRAMEWORK_HEADER = YES;
				CLANG_WARN_RANGE_LOOP_ANALYSIS = YES;
				CLANG_WARN_STRICT_PROTOTYPES = YES;
				CLANG_WARN_SUSPICIOUS_MOVE = YES;
				CLANG_WARN_UNGUARDED_AVAILABILITY = YES_AGGRESSIVE;
				CLANG_WARN_UNREACHABLE_CODE = YES;
				CLANG_WARN__DUPLICATE_METHOD_MATCH = YES;
				COPY_PHASE_STRIP = NO;
				DEBUG_INFORMATION_FORMAT = "dwarf-with-dsym";
				ENABLE_NS_ASSERTIONS = NO;
				ENABLE_STRICT_OBJC_MSGSEND = YES;
				GCC_C_LANGUAGE_STANDARD = gnu11;
				GCC_NO_COMMON_BLOCKS = YES;
				GCC_WARN_64_TO_32_BIT_CONVERSION = YES;
				GCC_WARN_ABOUT_RETURN_TYPE = YES_ERROR;
				GCC_WARN_UNDECLARED_SELECTOR = YES;
				GCC_WARN_UNINITIALIZED_AUTOS = YES_AGGRESSIVE;
				GCC_WARN_UNUSED_FUNCTION = YES;
				GCC_WARN_UNUSED_VARIABLE = YES;
				IPHONEOS_DEPLOYMENT_TARGET = 15.4;
				MTL_ENABLE_DEBUG_INFO = NO;
				MTL_FAST_MATH = YES;
				SDKROOT = iphoneos;
				SWIFT_COMPILATION_MODE = wholemodule;
				SWIFT_OPTIMIZATION_LEVEL = "-O";
				VALIDATE_PRODUCT = YES;
			};
			name = Release;
		};
		E098102628B0DA3F00A3F143 /* Debug */ = {
			isa = XCBuildConfiguration;
			buildSettings = {
				ASSETCATALOG_COMPILER_APPICON_NAME = AppIcon;
				ASSETCATALOG_COMPILER_GLOBAL_ACCENT_COLOR_NAME = AccentColor;
				CODE_SIGN_STYLE = Automatic;
				CURRENT_PROJECT_VERSION = 1;
				DEVELOPMENT_TEAM = 75886A943W;
				GENERATE_INFOPLIST_FILE = YES;
				INFOPLIST_FILE = MovieSeachVIPER/Info.plist;
				INFOPLIST_KEY_UIApplicationSupportsIndirectInputEvents = YES;
				INFOPLIST_KEY_UILaunchStoryboardName = LaunchScreen;
				INFOPLIST_KEY_UIMainStoryboardFile = Main;
				INFOPLIST_KEY_UISupportedInterfaceOrientations_iPad = "UIInterfaceOrientationPortrait UIInterfaceOrientationPortraitUpsideDown UIInterfaceOrientationLandscapeLeft UIInterfaceOrientationLandscapeRight";
				INFOPLIST_KEY_UISupportedInterfaceOrientations_iPhone = "UIInterfaceOrientationPortrait UIInterfaceOrientationLandscapeLeft UIInterfaceOrientationLandscapeRight";
				LD_RUNPATH_SEARCH_PATHS = (
					"$(inherited)",
					"@executable_path/Frameworks",
				);
				MARKETING_VERSION = 1.0;
				PRODUCT_BUNDLE_IDENTIFIER = test.MovieSeachVIPER;
				PRODUCT_NAME = "$(TARGET_NAME)";
				SWIFT_EMIT_LOC_STRINGS = YES;
				SWIFT_VERSION = 5.0;
				TARGETED_DEVICE_FAMILY = "1,2";
			};
			name = Debug;
		};
		E098102728B0DA3F00A3F143 /* Release */ = {
			isa = XCBuildConfiguration;
			buildSettings = {
				ASSETCATALOG_COMPILER_APPICON_NAME = AppIcon;
				ASSETCATALOG_COMPILER_GLOBAL_ACCENT_COLOR_NAME = AccentColor;
				CODE_SIGN_STYLE = Automatic;
				CURRENT_PROJECT_VERSION = 1;
				DEVELOPMENT_TEAM = 75886A943W;
				GENERATE_INFOPLIST_FILE = YES;
				INFOPLIST_FILE = MovieSeachVIPER/Info.plist;
				INFOPLIST_KEY_UIApplicationSupportsIndirectInputEvents = YES;
				INFOPLIST_KEY_UILaunchStoryboardName = LaunchScreen;
				INFOPLIST_KEY_UIMainStoryboardFile = Main;
				INFOPLIST_KEY_UISupportedInterfaceOrientations_iPad = "UIInterfaceOrientationPortrait UIInterfaceOrientationPortraitUpsideDown UIInterfaceOrientationLandscapeLeft UIInterfaceOrientationLandscapeRight";
				INFOPLIST_KEY_UISupportedInterfaceOrientations_iPhone = "UIInterfaceOrientationPortrait UIInterfaceOrientationLandscapeLeft UIInterfaceOrientationLandscapeRight";
				LD_RUNPATH_SEARCH_PATHS = (
					"$(inherited)",
					"@executable_path/Frameworks",
				);
				MARKETING_VERSION = 1.0;
				PRODUCT_BUNDLE_IDENTIFIER = test.MovieSeachVIPER;
				PRODUCT_NAME = "$(TARGET_NAME)";
				SWIFT_EMIT_LOC_STRINGS = YES;
				SWIFT_VERSION = 5.0;
				TARGETED_DEVICE_FAMILY = "1,2";
			};
			name = Release;
		};
		E098102928B0DA3F00A3F143 /* Debug */ = {
			isa = XCBuildConfiguration;
			buildSettings = {
				ALWAYS_EMBED_SWIFT_STANDARD_LIBRARIES = YES;
				BUNDLE_LOADER = "$(TEST_HOST)";
				CODE_SIGN_STYLE = Automatic;
				CURRENT_PROJECT_VERSION = 1;
				DEVELOPMENT_TEAM = 75886A943W;
				GENERATE_INFOPLIST_FILE = YES;
				IPHONEOS_DEPLOYMENT_TARGET = 15.4;
				MARKETING_VERSION = 1.0;
				PRODUCT_BUNDLE_IDENTIFIER = test.MovieSeachVIPERTests;
				PRODUCT_NAME = "$(TARGET_NAME)";
				SWIFT_EMIT_LOC_STRINGS = NO;
				SWIFT_VERSION = 5.0;
				TARGETED_DEVICE_FAMILY = "1,2";
				TEST_HOST = "$(BUILT_PRODUCTS_DIR)/MovieSeachVIPER.app/MovieSeachVIPER";
			};
			name = Debug;
		};
		E098102A28B0DA3F00A3F143 /* Release */ = {
			isa = XCBuildConfiguration;
			buildSettings = {
				ALWAYS_EMBED_SWIFT_STANDARD_LIBRARIES = YES;
				BUNDLE_LOADER = "$(TEST_HOST)";
				CODE_SIGN_STYLE = Automatic;
				CURRENT_PROJECT_VERSION = 1;
				DEVELOPMENT_TEAM = 75886A943W;
				GENERATE_INFOPLIST_FILE = YES;
				IPHONEOS_DEPLOYMENT_TARGET = 15.4;
				MARKETING_VERSION = 1.0;
				PRODUCT_BUNDLE_IDENTIFIER = test.MovieSeachVIPERTests;
				PRODUCT_NAME = "$(TARGET_NAME)";
				SWIFT_EMIT_LOC_STRINGS = NO;
				SWIFT_VERSION = 5.0;
				TARGETED_DEVICE_FAMILY = "1,2";
				TEST_HOST = "$(BUILT_PRODUCTS_DIR)/MovieSeachVIPER.app/MovieSeachVIPER";
			};
			name = Release;
		};
/* End XCBuildConfiguration section */

/* Begin XCConfigurationList section */
		E0980FF628B0DA3C00A3F143 /* Build configuration list for PBXProject "MovieSeachVIPER" */ = {
			isa = XCConfigurationList;
			buildConfigurations = (
				E098102328B0DA3F00A3F143 /* Debug */,
				E098102428B0DA3F00A3F143 /* Release */,
			);
			defaultConfigurationIsVisible = 0;
			defaultConfigurationName = Release;
		};
		E098102528B0DA3F00A3F143 /* Build configuration list for PBXNativeTarget "MovieSeachVIPER" */ = {
			isa = XCConfigurationList;
			buildConfigurations = (
				E098102628B0DA3F00A3F143 /* Debug */,
				E098102728B0DA3F00A3F143 /* Release */,
			);
			defaultConfigurationIsVisible = 0;
			defaultConfigurationName = Release;
		};
		E098102828B0DA3F00A3F143 /* Build configuration list for PBXNativeTarget "MovieSeachVIPERTests" */ = {
			isa = XCConfigurationList;
			buildConfigurations = (
				E098102928B0DA3F00A3F143 /* Debug */,
				E098102A28B0DA3F00A3F143 /* Release */,
			);
			defaultConfigurationIsVisible = 0;
			defaultConfigurationName = Release;
		};
/* End XCConfigurationList section */
	};
	rootObject = E0980FF328B0DA3C00A3F143 /* Project object */;
}
